
Microsoft Visual Studio Solution File, Format Version 12.00
# Visual Studio Version 17
VisualStudioVersion = 17.14.36301.6 d17.14
MinimumVisualStudioVersion = 10.0.40219.1
Project("{FAE04EC0-301F-11D3-BF4B-00C04F79EFBC}") = "CustomErrorMessageBox", "CustomErrorMessageBox.csproj", "{4BCA5543-56F3-4FF6-9DBF-99220544AD63}"
EndProject
Global
	GlobalSection(SolutionConfigurationPlatforms) = preSolution
		Debug|Any CPU = Debug|Any CPU
		Release|Any CPU = Release|Any CPU
	EndGlobalSection
	GlobalSection(ProjectConfigurationPlatforms) = postSolution
		{4BCA5543-56F3-4FF6-9DBF-99220544AD63}.Debug|Any CPU.ActiveCfg = Debug|Any CPU
		{4BCA5543-56F3-4FF6-9DBF-99220544AD63}.Debug|Any CPU.Build.0 = Debug|Any CPU
		{4BCA5543-56F3-4FF6-9DBF-99220544AD63}.Release|Any CPU.ActiveCfg = Release|Any CPU
		{4BCA5543-56F3-4FF6-9DBF-99220544AD63}.Release|Any CPU.Build.0 = Release|Any CPU
	EndGlobalSection
	GlobalSection(SolutionProperties) = preSolution
		HideSolutionNode = FALSE
	EndGlobalSection
	GlobalSection(ExtensibilityGlobals) = postSolution
		SolutionGuid = {013EE9D1-6F45-4B2B-850E-9677F5A383D7}
	EndGlobalSection
EndGlobal
